
Microsoft Visual Studio Solution File, Format Version 12.00
# Visual Studio 15
VisualStudioVersion = 15.0.26430.16
MinimumVisualStudioVersion = 10.0.40219.1
Project("{FAE04EC0-301F-11D3-BF4B-00C04F79EFBC}") = "SmartEngineer.Service", "SmartEngineer.Service\SmartEngineer.Service.csproj", "{39D6C65B-C2EC-4242-967A-9C95FA44D428}"
EndProject
Project("{FAE04EC0-301F-11D3-BF4B-00C04F79EFBC}") = "SmartEngineer.App", "SmartEngineer.App\SmartEngineer.App.csproj", "{A512954C-3CAC-4D2C-9DA1-22DDC0FF7E3F}"
EndProject
Project("{2150E333-8FDC-42A3-9474-1A3956D46DE8}") = "JIRA", "JIRA", "{C6032145-565E-4071-92D5-39A561B63D32}"
EndProject
Project("{2150E333-8FDC-42A3-9474-1A3956D46DE8}") = "SFDC", "SFDC", "{1010DA48-B24F-4F2A-A907-DB12778EF559}"
EndProject
Project("{2150E333-8FDC-42A3-9474-1A3956D46DE8}") = "TestRail", "TestRail", "{76167997-C015-4208-850A-901CF840E0C5}"
EndProject
Project("{2150E333-8FDC-42A3-9474-1A3956D46DE8}") = "Github", "Github", "{8108F7EE-5EE5-40BC-B7DC-1261D5857121}"
EndProject
Project("{2150E333-8FDC-42A3-9474-1A3956D46DE8}") = "Task", "Task", "{EB3A4ECF-50AB-4594-82C8-AD383FF926BA}"
EndProject
Project("{2150E333-8FDC-42A3-9474-1A3956D46DE8}") = "Doc", "Doc", "{D7EB3B72-F862-408B-883D-8B88B4BECCF2}"
	ProjectSection(SolutionItems) = preProject
		Source Ref.txt = Source Ref.txt
	EndProjectSection
EndProject
Project("{FAE04EC0-301F-11D3-BF4B-00C04F79EFBC}") = "RestSharp", "JIRA\RestSharp\RestSharp.csproj", "{2ECECFBF-5F3E-40EE-A963-72336DC7ABE2}"
EndProject
Project("{FAE04EC0-301F-11D3-BF4B-00C04F79EFBC}") = "TechTalk.JiraRestClient", "JIRA\TechTalk.JiraRestClient\TechTalk.JiraRestClient.csproj", "{210529FA-454E-4C32-A2C8-353ECBD4DA05}"
EndProject
Project("{FAE04EC0-301F-11D3-BF4B-00C04F79EFBC}") = "SmartEngineer.ServiceHost", "SmartEngineer.ServiceHost\SmartEngineer.ServiceHost.csproj", "{A9CA159C-7B0E-465A-AF9B-A9E4A62F0405}"
EndProject
Project("{FAE04EC0-301F-11D3-BF4B-00C04F79EFBC}") = "SmartEngineer.ServiceClient", "SmartEngineer.ServiceClient\SmartEngineer.ServiceClient.csproj", "{3633FCD9-AAE5-4815-AB13-EBD4925A8864}"
EndProject
Project("{FAE04EC0-301F-11D3-BF4B-00C04F79EFBC}") = "SmartEngineer.WCFService.Extention", "SmartEngineer.WCFService.Extention\SmartEngineer.WCFService.Extention.csproj", "{DAFC827A-C922-4CFD-B74D-CBD05EB94173}"
EndProject
Project("{2150E333-8FDC-42A3-9474-1A3956D46DE8}") = "SmartSQL", "SmartSQL", "{60C875EF-1E78-43C2-AF43-76F6BF4D6236}"
EndProject
Project("{2150E333-8FDC-42A3-9474-1A3956D46DE8}") = "Logger", "Logger", "{41882AD4-4E0D-4CD7-B108-49B2D65FBC24}"
EndProject
Project("{2150E333-8FDC-42A3-9474-1A3956D46DE8}") = "log4net", "log4net", "{7952A9D7-CC1F-4F12-9007-9F005BF15D38}"
EndProject
Project("{FAE04EC0-301F-11D3-BF4B-00C04F79EFBC}") = "log4net.vs2012", "Logger\Log4Net\log4net.vs2012.csproj", "{181FE707-E161-4722-9F38-6AAAB6FAA106}"
EndProject
Project("{FAE04EC0-301F-11D3-BF4B-00C04F79EFBC}") = "SmartEngineer.Framework", "SmartEngineer.Framework\SmartEngineer.Framework.csproj", "{BE23DECA-79D2-4899-8D74-732F97B7A528}"
EndProject
Project("{2150E333-8FDC-42A3-9474-1A3956D46DE8}") = "Dapper", "Dapper", "{91F6140F-2C89-4362-9F8C-15B4353DFD67}"
EndProject
Project("{FAE04EC0-301F-11D3-BF4B-00C04F79EFBC}") = "Dapper", "SmartSQL\Dapper\Dapper.csproj", "{1232E5AC-A775-483C-AD39-744C9E98D78E}"
EndProject
Project("{FAE04EC0-301F-11D3-BF4B-00C04F79EFBC}") = "SmartSQL", "SmartSQL\SmartSql\SmartSQL.csproj", "{AB6571F6-86A1-4A01-B220-DF36A83AC5A7}"
EndProject
Project("{FAE04EC0-301F-11D3-BF4B-00C04F79EFBC}") = "SmartEngineer.Core", "SmartEngineer.Core\SmartEngineer.Core.csproj", "{42D6CF47-7776-4EF5-ABD7-BB1A9330D143}"
EndProject
Project("{FAE04EC0-301F-11D3-BF4B-00C04F79EFBC}") = "SmartEngineer.Core.Test", "SmartEngineer.Core.Test\SmartEngineer.Core.Test.csproj", "{2C2BE1D3-7803-407B-9596-16E1A34F9B74}"
EndProject
Project("{FAE04EC0-301F-11D3-BF4B-00C04F79EFBC}") = "ConfluenceClient", "JIRA\ConfluenceClient\ConfluenceClient.csproj", "{5148988B-BE8A-4AC5-9F7E-93DDB73ED186}"
EndProject
Project("{FAE04EC0-301F-11D3-BF4B-00C04F79EFBC}") = "ForceToolkitForNET", "SFDC\ForceToolkitForNET\ForceToolkitForNET.csproj", "{6B8131E1-EC47-4DEE-8FCF-436F21C684D1}"
EndProject
Project("{FAE04EC0-301F-11D3-BF4B-00C04F79EFBC}") = "CommonLibrariesForNET", "SFDC\CommonLibrariesForNET\CommonLibrariesForNET.csproj", "{65129DA9-AC8E-4DB2-A895-15FBC0DA2B54}"
EndProject
Global
	GlobalSection(SolutionConfigurationPlatforms) = preSolution
		Debug|Any CPU = Debug|Any CPU
		Release|Any CPU = Release|Any CPU
	EndGlobalSection
	GlobalSection(ProjectConfigurationPlatforms) = postSolution
		{39D6C65B-C2EC-4242-967A-9C95FA44D428}.Debug|Any CPU.ActiveCfg = Debug|Any CPU
		{39D6C65B-C2EC-4242-967A-9C95FA44D428}.Debug|Any CPU.Build.0 = Debug|Any CPU
		{39D6C65B-C2EC-4242-967A-9C95FA44D428}.Release|Any CPU.ActiveCfg = Release|Any CPU
		{39D6C65B-C2EC-4242-967A-9C95FA44D428}.Release|Any CPU.Build.0 = Release|Any CPU
		{A512954C-3CAC-4D2C-9DA1-22DDC0FF7E3F}.Debug|Any CPU.ActiveCfg = Debug|Any CPU
		{A512954C-3CAC-4D2C-9DA1-22DDC0FF7E3F}.Debug|Any CPU.Build.0 = Debug|Any CPU
		{A512954C-3CAC-4D2C-9DA1-22DDC0FF7E3F}.Release|Any CPU.ActiveCfg = Release|Any CPU
		{A512954C-3CAC-4D2C-9DA1-22DDC0FF7E3F}.Release|Any CPU.Build.0 = Release|Any CPU
		{2ECECFBF-5F3E-40EE-A963-72336DC7ABE2}.Debug|Any CPU.ActiveCfg = Debug|Any CPU
		{2ECECFBF-5F3E-40EE-A963-72336DC7ABE2}.Debug|Any CPU.Build.0 = Debug|Any CPU
		{2ECECFBF-5F3E-40EE-A963-72336DC7ABE2}.Release|Any CPU.ActiveCfg = Release|Any CPU
		{2ECECFBF-5F3E-40EE-A963-72336DC7ABE2}.Release|Any CPU.Build.0 = Release|Any CPU
		{210529FA-454E-4C32-A2C8-353ECBD4DA05}.Debug|Any CPU.ActiveCfg = Debug|Any CPU
		{210529FA-454E-4C32-A2C8-353ECBD4DA05}.Debug|Any CPU.Build.0 = Debug|Any CPU
		{210529FA-454E-4C32-A2C8-353ECBD4DA05}.Release|Any CPU.ActiveCfg = Release|Any CPU
		{210529FA-454E-4C32-A2C8-353ECBD4DA05}.Release|Any CPU.Build.0 = Release|Any CPU
		{A9CA159C-7B0E-465A-AF9B-A9E4A62F0405}.Debug|Any CPU.ActiveCfg = Debug|Any CPU
		{A9CA159C-7B0E-465A-AF9B-A9E4A62F0405}.Debug|Any CPU.Build.0 = Debug|Any CPU
		{A9CA159C-7B0E-465A-AF9B-A9E4A62F0405}.Release|Any CPU.ActiveCfg = Release|Any CPU
		{A9CA159C-7B0E-465A-AF9B-A9E4A62F0405}.Release|Any CPU.Build.0 = Release|Any CPU
		{3633FCD9-AAE5-4815-AB13-EBD4925A8864}.Debug|Any CPU.ActiveCfg = Debug|Any CPU
		{3633FCD9-AAE5-4815-AB13-EBD4925A8864}.Debug|Any CPU.Build.0 = Debug|Any CPU
		{3633FCD9-AAE5-4815-AB13-EBD4925A8864}.Release|Any CPU.ActiveCfg = Release|Any CPU
		{3633FCD9-AAE5-4815-AB13-EBD4925A8864}.Release|Any CPU.Build.0 = Release|Any CPU
		{DAFC827A-C922-4CFD-B74D-CBD05EB94173}.Debug|Any CPU.ActiveCfg = Debug|Any CPU
		{DAFC827A-C922-4CFD-B74D-CBD05EB94173}.Debug|Any CPU.Build.0 = Debug|Any CPU
		{DAFC827A-C922-4CFD-B74D-CBD05EB94173}.Release|Any CPU.ActiveCfg = Release|Any CPU
		{DAFC827A-C922-4CFD-B74D-CBD05EB94173}.Release|Any CPU.Build.0 = Release|Any CPU
		{181FE707-E161-4722-9F38-6AAAB6FAA106}.Debug|Any CPU.ActiveCfg = Debug|Any CPU
		{181FE707-E161-4722-9F38-6AAAB6FAA106}.Debug|Any CPU.Build.0 = Debug|Any CPU
		{181FE707-E161-4722-9F38-6AAAB6FAA106}.Release|Any CPU.ActiveCfg = Release|Any CPU
		{181FE707-E161-4722-9F38-6AAAB6FAA106}.Release|Any CPU.Build.0 = Release|Any CPU
		{BE23DECA-79D2-4899-8D74-732F97B7A528}.Debug|Any CPU.ActiveCfg = Debug|Any CPU
		{BE23DECA-79D2-4899-8D74-732F97B7A528}.Debug|Any CPU.Build.0 = Debug|Any CPU
		{BE23DECA-79D2-4899-8D74-732F97B7A528}.Release|Any CPU.ActiveCfg = Release|Any CPU
		{BE23DECA-79D2-4899-8D74-732F97B7A528}.Release|Any CPU.Build.0 = Release|Any CPU
		{1232E5AC-A775-483C-AD39-744C9E98D78E}.Debug|Any CPU.ActiveCfg = Debug|Any CPU
		{1232E5AC-A775-483C-AD39-744C9E98D78E}.Debug|Any CPU.Build.0 = Debug|Any CPU
		{1232E5AC-A775-483C-AD39-744C9E98D78E}.Release|Any CPU.ActiveCfg = Release|Any CPU
		{1232E5AC-A775-483C-AD39-744C9E98D78E}.Release|Any CPU.Build.0 = Release|Any CPU
		{AB6571F6-86A1-4A01-B220-DF36A83AC5A7}.Debug|Any CPU.ActiveCfg = Debug|Any CPU
		{AB6571F6-86A1-4A01-B220-DF36A83AC5A7}.Debug|Any CPU.Build.0 = Debug|Any CPU
		{AB6571F6-86A1-4A01-B220-DF36A83AC5A7}.Release|Any CPU.ActiveCfg = Release|Any CPU
		{AB6571F6-86A1-4A01-B220-DF36A83AC5A7}.Release|Any CPU.Build.0 = Release|Any CPU
		{42D6CF47-7776-4EF5-ABD7-BB1A9330D143}.Debug|Any CPU.ActiveCfg = Debug|Any CPU
		{42D6CF47-7776-4EF5-ABD7-BB1A9330D143}.Debug|Any CPU.Build.0 = Debug|Any CPU
		{42D6CF47-7776-4EF5-ABD7-BB1A9330D143}.Release|Any CPU.ActiveCfg = Release|Any CPU
		{42D6CF47-7776-4EF5-ABD7-BB1A9330D143}.Release|Any CPU.Build.0 = Release|Any CPU
		{2C2BE1D3-7803-407B-9596-16E1A34F9B74}.Debug|Any CPU.ActiveCfg = Debug|Any CPU
		{2C2BE1D3-7803-407B-9596-16E1A34F9B74}.Debug|Any CPU.Build.0 = Debug|Any CPU
		{2C2BE1D3-7803-407B-9596-16E1A34F9B74}.Release|Any CPU.ActiveCfg = Release|Any CPU
		{2C2BE1D3-7803-407B-9596-16E1A34F9B74}.Release|Any CPU.Build.0 = Release|Any CPU
		{5148988B-BE8A-4AC5-9F7E-93DDB73ED186}.Debug|Any CPU.ActiveCfg = Debug|Any CPU
		{5148988B-BE8A-4AC5-9F7E-93DDB73ED186}.Debug|Any CPU.Build.0 = Debug|Any CPU
		{5148988B-BE8A-4AC5-9F7E-93DDB73ED186}.Release|Any CPU.ActiveCfg = Release|Any CPU
		{5148988B-BE8A-4AC5-9F7E-93DDB73ED186}.Release|Any CPU.Build.0 = Release|Any CPU
		{6B8131E1-EC47-4DEE-8FCF-436F21C684D1}.Debug|Any CPU.ActiveCfg = Debug|Any CPU
		{6B8131E1-EC47-4DEE-8FCF-436F21C684D1}.Debug|Any CPU.Build.0 = Debug|Any CPU
		{6B8131E1-EC47-4DEE-8FCF-436F21C684D1}.Release|Any CPU.ActiveCfg = Release|Any CPU
		{6B8131E1-EC47-4DEE-8FCF-436F21C684D1}.Release|Any CPU.Build.0 = Release|Any CPU
		{65129DA9-AC8E-4DB2-A895-15FBC0DA2B54}.Debug|Any CPU.ActiveCfg = Debug|Any CPU
		{65129DA9-AC8E-4DB2-A895-15FBC0DA2B54}.Debug|Any CPU.Build.0 = Debug|Any CPU
		{65129DA9-AC8E-4DB2-A895-15FBC0DA2B54}.Release|Any CPU.ActiveCfg = Release|Any CPU
		{65129DA9-AC8E-4DB2-A895-15FBC0DA2B54}.Release|Any CPU.Build.0 = Release|Any CPU
	EndGlobalSection
	GlobalSection(SolutionProperties) = preSolution
		HideSolutionNode = FALSE
	EndGlobalSection
	GlobalSection(NestedProjects) = preSolution
		{2ECECFBF-5F3E-40EE-A963-72336DC7ABE2} = {C6032145-565E-4071-92D5-39A561B63D32}
		{210529FA-454E-4C32-A2C8-353ECBD4DA05} = {C6032145-565E-4071-92D5-39A561B63D32}
		{7952A9D7-CC1F-4F12-9007-9F005BF15D38} = {41882AD4-4E0D-4CD7-B108-49B2D65FBC24}
		{181FE707-E161-4722-9F38-6AAAB6FAA106} = {7952A9D7-CC1F-4F12-9007-9F005BF15D38}
		{91F6140F-2C89-4362-9F8C-15B4353DFD67} = {60C875EF-1E78-43C2-AF43-76F6BF4D6236}
		{1232E5AC-A775-483C-AD39-744C9E98D78E} = {91F6140F-2C89-4362-9F8C-15B4353DFD67}
		{AB6571F6-86A1-4A01-B220-DF36A83AC5A7} = {60C875EF-1E78-43C2-AF43-76F6BF4D6236}
		{5148988B-BE8A-4AC5-9F7E-93DDB73ED186} = {C6032145-565E-4071-92D5-39A561B63D32}
		{6B8131E1-EC47-4DEE-8FCF-436F21C684D1} = {1010DA48-B24F-4F2A-A907-DB12778EF559}
		{65129DA9-AC8E-4DB2-A895-15FBC0DA2B54} = {1010DA48-B24F-4F2A-A907-DB12778EF559}
	EndGlobalSection
EndGlobal
