
Microsoft Visual Studio Solution File, Format Version 12.00
# Visual Studio 15
VisualStudioVersion = 15.0.26430.16
MinimumVisualStudioVersion = 10.0.40219.1
Project("{FAE04EC0-301F-11D3-BF4B-00C04F79EFBC}") = "SmartEngineer.Service", "SmartEngineer.Service\SmartEngineer.Service.csproj", "{39D6C65B-C2EC-4242-967A-9C95FA44D428}"
EndProject
Project("{FAE04EC0-301F-11D3-BF4B-00C04F79EFBC}") = "SmartEngineer.App", "SmartEngineer.App\SmartEngineer.App.csproj", "{A512954C-3CAC-4D2C-9DA1-22DDC0FF7E3F}"
EndProject
Project("{2150E333-8FDC-42A3-9474-1A3956D46DE8}") = "JIRA", "JIRA", "{C6032145-565E-4071-92D5-39A561B63D32}"
EndProject
Project("{2150E333-8FDC-42A3-9474-1A3956D46DE8}") = "SFDC", "SFDC", "{1010DA48-B24F-4F2A-A907-DB12778EF559}"
EndProject
Project("{2150E333-8FDC-42A3-9474-1A3956D46DE8}") = "TestRail", "TestRail", "{76167997-C015-4208-850A-901CF840E0C5}"
EndProject
Project("{2150E333-8FDC-42A3-9474-1A3956D46DE8}") = "Github", "Github", "{8108F7EE-5EE5-40BC-B7DC-1261D5857121}"
EndProject
Project("{2150E333-8FDC-42A3-9474-1A3956D46DE8}") = "SmartTask", "SmartTask", "{EB3A4ECF-50AB-4594-82C8-AD383FF926BA}"
EndProject
Project("{2150E333-8FDC-42A3-9474-1A3956D46DE8}") = "Doc", "Doc", "{D7EB3B72-F862-408B-883D-8B88B4BECCF2}"
	ProjectSection(SolutionItems) = preProject
		Source Ref.txt = Source Ref.txt
	EndProjectSection
EndProject
Project("{FAE04EC0-301F-11D3-BF4B-00C04F79EFBC}") = "RestSharp", "JIRA\RestSharp\RestSharp.csproj", "{2ECECFBF-5F3E-40EE-A963-72336DC7ABE2}"
EndProject
Project("{FAE04EC0-301F-11D3-BF4B-00C04F79EFBC}") = "TechTalk.JiraRestClient", "JIRA\TechTalk.JiraRestClient\TechTalk.JiraRestClient.csproj", "{210529FA-454E-4C32-A2C8-353ECBD4DA05}"
EndProject
Project("{FAE04EC0-301F-11D3-BF4B-00C04F79EFBC}") = "SmartEngineer.ServiceHost", "SmartEngineer.ServiceHost\SmartEngineer.ServiceHost.csproj", "{A9CA159C-7B0E-465A-AF9B-A9E4A62F0405}"
EndProject
Project("{FAE04EC0-301F-11D3-BF4B-00C04F79EFBC}") = "SmartEngineer.ServiceClient", "SmartEngineer.ServiceClient\SmartEngineer.ServiceClient.csproj", "{3633FCD9-AAE5-4815-AB13-EBD4925A8864}"
	ProjectSection(ProjectDependencies) = postProject
		{39D6C65B-C2EC-4242-967A-9C95FA44D428} = {39D6C65B-C2EC-4242-967A-9C95FA44D428}
	EndProjectSection
EndProject
Project("{FAE04EC0-301F-11D3-BF4B-00C04F79EFBC}") = "SmartEngineer.WCFService.Extention", "SmartEngineer.WCFService.Extention\SmartEngineer.WCFService.Extention.csproj", "{DAFC827A-C922-4CFD-B74D-CBD05EB94173}"
EndProject
Project("{2150E333-8FDC-42A3-9474-1A3956D46DE8}") = "SmartSQL", "SmartSQL", "{60C875EF-1E78-43C2-AF43-76F6BF4D6236}"
EndProject
Project("{2150E333-8FDC-42A3-9474-1A3956D46DE8}") = "Logger", "Logger", "{41882AD4-4E0D-4CD7-B108-49B2D65FBC24}"
EndProject
Project("{2150E333-8FDC-42A3-9474-1A3956D46DE8}") = "log4net", "log4net", "{7952A9D7-CC1F-4F12-9007-9F005BF15D38}"
EndProject
Project("{FAE04EC0-301F-11D3-BF4B-00C04F79EFBC}") = "log4net.vs2012", "Logger\Log4Net\log4net.vs2012.csproj", "{181FE707-E161-4722-9F38-6AAAB6FAA106}"
EndProject
Project("{FAE04EC0-301F-11D3-BF4B-00C04F79EFBC}") = "SmartEngineer.Framework", "SmartEngineer.Framework\SmartEngineer.Framework.csproj", "{BE23DECA-79D2-4899-8D74-732F97B7A528}"
EndProject
Project("{2150E333-8FDC-42A3-9474-1A3956D46DE8}") = "Dapper", "Dapper", "{91F6140F-2C89-4362-9F8C-15B4353DFD67}"
EndProject
Project("{FAE04EC0-301F-11D3-BF4B-00C04F79EFBC}") = "Dapper", "SmartSQL\Dapper\Dapper.csproj", "{1232E5AC-A775-483C-AD39-744C9E98D78E}"
EndProject
Project("{FAE04EC0-301F-11D3-BF4B-00C04F79EFBC}") = "SmartSQL", "SmartSQL\SmartSql\SmartSQL.csproj", "{AB6571F6-86A1-4A01-B220-DF36A83AC5A7}"
EndProject
Project("{FAE04EC0-301F-11D3-BF4B-00C04F79EFBC}") = "SmartEngineer.Core", "SmartEngineer.Core\SmartEngineer.Core.csproj", "{42D6CF47-7776-4EF5-ABD7-BB1A9330D143}"
EndProject
Project("{FAE04EC0-301F-11D3-BF4B-00C04F79EFBC}") = "SmartEngineer.Core.Test", "SmartEngineer.Core.Test\SmartEngineer.Core.Test.csproj", "{2C2BE1D3-7803-407B-9596-16E1A34F9B74}"
EndProject
Project("{FAE04EC0-301F-11D3-BF4B-00C04F79EFBC}") = "ConfluenceClient", "JIRA\ConfluenceClient\ConfluenceClient.csproj", "{5148988B-BE8A-4AC5-9F7E-93DDB73ED186}"
EndProject
Project("{FAE04EC0-301F-11D3-BF4B-00C04F79EFBC}") = "ForceToolkitForNET", "SFDC\ForceToolkitForNET\ForceToolkitForNET.csproj", "{6B8131E1-EC47-4DEE-8FCF-436F21C684D1}"
EndProject
Project("{FAE04EC0-301F-11D3-BF4B-00C04F79EFBC}") = "CommonLibrariesForNET", "SFDC\CommonLibrariesForNET\CommonLibrariesForNET.csproj", "{65129DA9-AC8E-4DB2-A895-15FBC0DA2B54}"
EndProject
Project("{FAE04EC0-301F-11D3-BF4B-00C04F79EFBC}") = "SalesforceSharp", "SFDC\SalesforceSharp\SalesforceSharp.csproj", "{0EA33E69-D046-42AF-9BF3-4B0F49EEA1D6}"
EndProject
Project("{FAE04EC0-301F-11D3-BF4B-00C04F79EFBC}") = "HelperSharp", "SFDC\HelperSharp\HelperSharp.csproj", "{25E1AB57-401D-43EF-8E89-36CD59EBB9BB}"
EndProject
Project("{FAE04EC0-301F-11D3-BF4B-00C04F79EFBC}") = "SalesforceSharp.Samples.CommandLine", "SFDC\SalesforceSharp.Samples.CommandLine\SalesforceSharp.Samples.CommandLine.csproj", "{ED7AFBB3-E67D-461C-97D1-649CE4D75704}"
EndProject
Project("{FAE04EC0-301F-11D3-BF4B-00C04F79EFBC}") = "SmartTask", "SmartTask\SmartTask.csproj", "{19CC5845-76C3-4841-9CA8-04559FEE7B87}"
EndProject
Project("{FAE04EC0-301F-11D3-BF4B-00C04F79EFBC}") = "SmartEngineer.Task", "SmartEngineer.Task\SmartEngineer.Task.csproj", "{0DF5016D-72DE-4455-A0F3-B1F7DC1B271B}"
EndProject
Project("{2150E333-8FDC-42A3-9474-1A3956D46DE8}") = "Equeue", "Equeue", "{67C7AB6A-E39E-4AEF-A553-5A4116898798}"
EndProject
Project("{2150E333-8FDC-42A3-9474-1A3956D46DE8}") = "ECommon", "ECommon", "{2B379F60-BEA9-4113-BE20-5CA40E78B53F}"
EndProject
Project("{FAE04EC0-301F-11D3-BF4B-00C04F79EFBC}") = "EQueue", "EQueue\EQueue\EQueue.csproj", "{2E22FF29-34F6-40BE-BFCE-2A450A24DC90}"
EndProject
Project("{FAE04EC0-301F-11D3-BF4B-00C04F79EFBC}") = "ECommon", "EQueue\ECommon\ECommon\ECommon.csproj", "{F944BF49-E896-4F5D-BB53-5F092B30F3E1}"
EndProject
Project("{FAE04EC0-301F-11D3-BF4B-00C04F79EFBC}") = "ECommon.Autofac", "EQueue\ECommon\ECommon.Autofac\ECommon.Autofac.csproj", "{F5BF000B-910B-4CA0-9F61-E0B867D463C2}"
EndProject
Project("{FAE04EC0-301F-11D3-BF4B-00C04F79EFBC}") = "ECommon.Dapper", "EQueue\ECommon\ECommon.Dapper\ECommon.Dapper.csproj", "{61CAE907-13FE-4C1A-8A6E-CEDF68EB8FC0}"
EndProject
Project("{FAE04EC0-301F-11D3-BF4B-00C04F79EFBC}") = "ECommon.JsonNet", "EQueue\ECommon\ECommon.JsonNet\ECommon.JsonNet.csproj", "{84BD5A4F-C364-4F0A-A2D0-28376FD1CEC4}"
EndProject
Project("{FAE04EC0-301F-11D3-BF4B-00C04F79EFBC}") = "ECommon.Log4Net", "EQueue\ECommon\ECommon.Log4Net\ECommon.Log4Net.csproj", "{2BEE05E6-C09B-40E7-864D-74DE85AAA880}"
EndProject
Project("{FAE04EC0-301F-11D3-BF4B-00C04F79EFBC}") = "EQueue.AdminWeb", "EQueue\EQueue.AdminWeb\EQueue.AdminWeb.csproj", "{1BF427DA-0965-4F8E-BFEB-439DCD3228B0}"
EndProject
Project("{2150E333-8FDC-42A3-9474-1A3956D46DE8}") = "QuickStart", "QuickStart", "{47B57043-A91E-413E-B1FA-C5ED832143A6}"
EndProject
Project("{FAE04EC0-301F-11D3-BF4B-00C04F79EFBC}") = "QuickStart.BrokerServer1", "EQueue\QuickStart\QuickStart.BrokerServer1\QuickStart.BrokerServer1.csproj", "{B64136C7-15EB-4BA4-8849-970EA797F46D}"
EndProject
Project("{FAE04EC0-301F-11D3-BF4B-00C04F79EFBC}") = "QuickStart.BrokerServer2", "EQueue\QuickStart\QuickStart.BrokerServer2\QuickStart.BrokerServer2.csproj", "{0A75E786-6684-4331-A125-ABEF52FAC93F}"
EndProject
Project("{FAE04EC0-301F-11D3-BF4B-00C04F79EFBC}") = "QuickStart.ConsumerClient", "EQueue\QuickStart\QuickStart.ConsumerClient\QuickStart.ConsumerClient.csproj", "{8470B2D7-47AF-481F-88A8-48CBE5D17FA9}"
EndProject
Project("{FAE04EC0-301F-11D3-BF4B-00C04F79EFBC}") = "QuickStart.NameServer", "EQueue\QuickStart\QuickStart.NameServer\QuickStart.NameServer.csproj", "{423A03C0-6304-4032-B83E-6DF2622D0094}"
EndProject
Project("{FAE04EC0-301F-11D3-BF4B-00C04F79EFBC}") = "QuickStart.ProducerClient", "EQueue\QuickStart\QuickStart.ProducerClient\QuickStart.ProducerClient.csproj", "{765C58AE-F194-4474-99DF-01867BFED55B}"
EndProject
Project("{2150E333-8FDC-42A3-9474-1A3956D46DE8}") = "Autofac", "Autofac", "{921AB28B-43D5-46F0-9192-9A2A13623F90}"
EndProject
Project("{9A19103F-16F7-4668-BE54-9A1E7A4F7556}") = "Autofac", "EQueue\Autofac\Autofac.csproj", "{06F733C8-DD56-4EEB-ADD5-3787A006A26C}"
EndProject
Project("{FAE04EC0-301F-11D3-BF4B-00C04F79EFBC}") = "PushMessageTestClient", "EQueue\ECommon\PushMessageTestClient\PushMessageTestClient.csproj", "{680283C4-264A-4F8E-849C-26FC21F5483C}"
EndProject
Project("{FAE04EC0-301F-11D3-BF4B-00C04F79EFBC}") = "PushMessageTestServer", "EQueue\ECommon\PushMessageTestServer\PushMessageTestServer.csproj", "{B954EB8B-D58B-4B4A-B97A-0CE18DDCD3A5}"
EndProject
Project("{FAE04EC0-301F-11D3-BF4B-00C04F79EFBC}") = "RemotingPerformanceTest.Client", "EQueue\ECommon\RemotingPerformanceTest.Client\RemotingPerformanceTest.Client.csproj", "{793FE263-4833-42E1-B6B8-6078EDA6824E}"
EndProject
Project("{FAE04EC0-301F-11D3-BF4B-00C04F79EFBC}") = "RemotingPerformanceTest.Server", "EQueue\ECommon\RemotingPerformanceTest.Server\RemotingPerformanceTest.Server.csproj", "{654555FB-CF51-4836-B545-DE021A583084}"
EndProject
Global
	GlobalSection(SolutionConfigurationPlatforms) = preSolution
		Debug|Any CPU = Debug|Any CPU
		Release|Any CPU = Release|Any CPU
	EndGlobalSection
	GlobalSection(ProjectConfigurationPlatforms) = postSolution
		{39D6C65B-C2EC-4242-967A-9C95FA44D428}.Debug|Any CPU.ActiveCfg = Debug|Any CPU
		{39D6C65B-C2EC-4242-967A-9C95FA44D428}.Debug|Any CPU.Build.0 = Debug|Any CPU
		{39D6C65B-C2EC-4242-967A-9C95FA44D428}.Release|Any CPU.ActiveCfg = Release|Any CPU
		{39D6C65B-C2EC-4242-967A-9C95FA44D428}.Release|Any CPU.Build.0 = Release|Any CPU
		{A512954C-3CAC-4D2C-9DA1-22DDC0FF7E3F}.Debug|Any CPU.ActiveCfg = Debug|Any CPU
		{A512954C-3CAC-4D2C-9DA1-22DDC0FF7E3F}.Debug|Any CPU.Build.0 = Debug|Any CPU
		{A512954C-3CAC-4D2C-9DA1-22DDC0FF7E3F}.Release|Any CPU.ActiveCfg = Release|Any CPU
		{A512954C-3CAC-4D2C-9DA1-22DDC0FF7E3F}.Release|Any CPU.Build.0 = Release|Any CPU
		{2ECECFBF-5F3E-40EE-A963-72336DC7ABE2}.Debug|Any CPU.ActiveCfg = Debug|Any CPU
		{2ECECFBF-5F3E-40EE-A963-72336DC7ABE2}.Debug|Any CPU.Build.0 = Debug|Any CPU
		{2ECECFBF-5F3E-40EE-A963-72336DC7ABE2}.Release|Any CPU.ActiveCfg = Release|Any CPU
		{2ECECFBF-5F3E-40EE-A963-72336DC7ABE2}.Release|Any CPU.Build.0 = Release|Any CPU
		{210529FA-454E-4C32-A2C8-353ECBD4DA05}.Debug|Any CPU.ActiveCfg = Debug|Any CPU
		{210529FA-454E-4C32-A2C8-353ECBD4DA05}.Debug|Any CPU.Build.0 = Debug|Any CPU
		{210529FA-454E-4C32-A2C8-353ECBD4DA05}.Release|Any CPU.ActiveCfg = Release|Any CPU
		{210529FA-454E-4C32-A2C8-353ECBD4DA05}.Release|Any CPU.Build.0 = Release|Any CPU
		{A9CA159C-7B0E-465A-AF9B-A9E4A62F0405}.Debug|Any CPU.ActiveCfg = Debug|Any CPU
		{A9CA159C-7B0E-465A-AF9B-A9E4A62F0405}.Debug|Any CPU.Build.0 = Debug|Any CPU
		{A9CA159C-7B0E-465A-AF9B-A9E4A62F0405}.Release|Any CPU.ActiveCfg = Release|Any CPU
		{A9CA159C-7B0E-465A-AF9B-A9E4A62F0405}.Release|Any CPU.Build.0 = Release|Any CPU
		{3633FCD9-AAE5-4815-AB13-EBD4925A8864}.Debug|Any CPU.ActiveCfg = Debug|Any CPU
		{3633FCD9-AAE5-4815-AB13-EBD4925A8864}.Debug|Any CPU.Build.0 = Debug|Any CPU
		{3633FCD9-AAE5-4815-AB13-EBD4925A8864}.Release|Any CPU.ActiveCfg = Release|Any CPU
		{3633FCD9-AAE5-4815-AB13-EBD4925A8864}.Release|Any CPU.Build.0 = Release|Any CPU
		{DAFC827A-C922-4CFD-B74D-CBD05EB94173}.Debug|Any CPU.ActiveCfg = Debug|Any CPU
		{DAFC827A-C922-4CFD-B74D-CBD05EB94173}.Debug|Any CPU.Build.0 = Debug|Any CPU
		{DAFC827A-C922-4CFD-B74D-CBD05EB94173}.Release|Any CPU.ActiveCfg = Release|Any CPU
		{DAFC827A-C922-4CFD-B74D-CBD05EB94173}.Release|Any CPU.Build.0 = Release|Any CPU
		{181FE707-E161-4722-9F38-6AAAB6FAA106}.Debug|Any CPU.ActiveCfg = Debug|Any CPU
		{181FE707-E161-4722-9F38-6AAAB6FAA106}.Debug|Any CPU.Build.0 = Debug|Any CPU
		{181FE707-E161-4722-9F38-6AAAB6FAA106}.Release|Any CPU.ActiveCfg = Release|Any CPU
		{181FE707-E161-4722-9F38-6AAAB6FAA106}.Release|Any CPU.Build.0 = Release|Any CPU
		{BE23DECA-79D2-4899-8D74-732F97B7A528}.Debug|Any CPU.ActiveCfg = Debug|Any CPU
		{BE23DECA-79D2-4899-8D74-732F97B7A528}.Debug|Any CPU.Build.0 = Debug|Any CPU
		{BE23DECA-79D2-4899-8D74-732F97B7A528}.Release|Any CPU.ActiveCfg = Release|Any CPU
		{BE23DECA-79D2-4899-8D74-732F97B7A528}.Release|Any CPU.Build.0 = Release|Any CPU
		{1232E5AC-A775-483C-AD39-744C9E98D78E}.Debug|Any CPU.ActiveCfg = Debug|Any CPU
		{1232E5AC-A775-483C-AD39-744C9E98D78E}.Debug|Any CPU.Build.0 = Debug|Any CPU
		{1232E5AC-A775-483C-AD39-744C9E98D78E}.Release|Any CPU.ActiveCfg = Release|Any CPU
		{1232E5AC-A775-483C-AD39-744C9E98D78E}.Release|Any CPU.Build.0 = Release|Any CPU
		{AB6571F6-86A1-4A01-B220-DF36A83AC5A7}.Debug|Any CPU.ActiveCfg = Debug|Any CPU
		{AB6571F6-86A1-4A01-B220-DF36A83AC5A7}.Debug|Any CPU.Build.0 = Debug|Any CPU
		{AB6571F6-86A1-4A01-B220-DF36A83AC5A7}.Release|Any CPU.ActiveCfg = Release|Any CPU
		{AB6571F6-86A1-4A01-B220-DF36A83AC5A7}.Release|Any CPU.Build.0 = Release|Any CPU
		{42D6CF47-7776-4EF5-ABD7-BB1A9330D143}.Debug|Any CPU.ActiveCfg = Debug|Any CPU
		{42D6CF47-7776-4EF5-ABD7-BB1A9330D143}.Debug|Any CPU.Build.0 = Debug|Any CPU
		{42D6CF47-7776-4EF5-ABD7-BB1A9330D143}.Release|Any CPU.ActiveCfg = Release|Any CPU
		{42D6CF47-7776-4EF5-ABD7-BB1A9330D143}.Release|Any CPU.Build.0 = Release|Any CPU
		{2C2BE1D3-7803-407B-9596-16E1A34F9B74}.Debug|Any CPU.ActiveCfg = Debug|Any CPU
		{2C2BE1D3-7803-407B-9596-16E1A34F9B74}.Debug|Any CPU.Build.0 = Debug|Any CPU
		{2C2BE1D3-7803-407B-9596-16E1A34F9B74}.Release|Any CPU.ActiveCfg = Release|Any CPU
		{2C2BE1D3-7803-407B-9596-16E1A34F9B74}.Release|Any CPU.Build.0 = Release|Any CPU
		{5148988B-BE8A-4AC5-9F7E-93DDB73ED186}.Debug|Any CPU.ActiveCfg = Debug|Any CPU
		{5148988B-BE8A-4AC5-9F7E-93DDB73ED186}.Debug|Any CPU.Build.0 = Debug|Any CPU
		{5148988B-BE8A-4AC5-9F7E-93DDB73ED186}.Release|Any CPU.ActiveCfg = Release|Any CPU
		{5148988B-BE8A-4AC5-9F7E-93DDB73ED186}.Release|Any CPU.Build.0 = Release|Any CPU
		{6B8131E1-EC47-4DEE-8FCF-436F21C684D1}.Debug|Any CPU.ActiveCfg = Debug|Any CPU
		{6B8131E1-EC47-4DEE-8FCF-436F21C684D1}.Debug|Any CPU.Build.0 = Debug|Any CPU
		{6B8131E1-EC47-4DEE-8FCF-436F21C684D1}.Release|Any CPU.ActiveCfg = Release|Any CPU
		{6B8131E1-EC47-4DEE-8FCF-436F21C684D1}.Release|Any CPU.Build.0 = Release|Any CPU
		{65129DA9-AC8E-4DB2-A895-15FBC0DA2B54}.Debug|Any CPU.ActiveCfg = Debug|Any CPU
		{65129DA9-AC8E-4DB2-A895-15FBC0DA2B54}.Debug|Any CPU.Build.0 = Debug|Any CPU
		{65129DA9-AC8E-4DB2-A895-15FBC0DA2B54}.Release|Any CPU.ActiveCfg = Release|Any CPU
		{65129DA9-AC8E-4DB2-A895-15FBC0DA2B54}.Release|Any CPU.Build.0 = Release|Any CPU
		{0EA33E69-D046-42AF-9BF3-4B0F49EEA1D6}.Debug|Any CPU.ActiveCfg = Debug|Any CPU
		{0EA33E69-D046-42AF-9BF3-4B0F49EEA1D6}.Debug|Any CPU.Build.0 = Debug|Any CPU
		{0EA33E69-D046-42AF-9BF3-4B0F49EEA1D6}.Release|Any CPU.ActiveCfg = Release|Any CPU
		{0EA33E69-D046-42AF-9BF3-4B0F49EEA1D6}.Release|Any CPU.Build.0 = Release|Any CPU
		{25E1AB57-401D-43EF-8E89-36CD59EBB9BB}.Debug|Any CPU.ActiveCfg = Debug|Any CPU
		{25E1AB57-401D-43EF-8E89-36CD59EBB9BB}.Debug|Any CPU.Build.0 = Debug|Any CPU
		{25E1AB57-401D-43EF-8E89-36CD59EBB9BB}.Release|Any CPU.ActiveCfg = Release|Any CPU
		{25E1AB57-401D-43EF-8E89-36CD59EBB9BB}.Release|Any CPU.Build.0 = Release|Any CPU
		{ED7AFBB3-E67D-461C-97D1-649CE4D75704}.Debug|Any CPU.ActiveCfg = Debug|Any CPU
		{ED7AFBB3-E67D-461C-97D1-649CE4D75704}.Debug|Any CPU.Build.0 = Debug|Any CPU
		{ED7AFBB3-E67D-461C-97D1-649CE4D75704}.Release|Any CPU.ActiveCfg = Release|Any CPU
		{ED7AFBB3-E67D-461C-97D1-649CE4D75704}.Release|Any CPU.Build.0 = Release|Any CPU
		{19CC5845-76C3-4841-9CA8-04559FEE7B87}.Debug|Any CPU.ActiveCfg = Debug|Any CPU
		{19CC5845-76C3-4841-9CA8-04559FEE7B87}.Debug|Any CPU.Build.0 = Debug|Any CPU
		{19CC5845-76C3-4841-9CA8-04559FEE7B87}.Release|Any CPU.ActiveCfg = Release|Any CPU
		{19CC5845-76C3-4841-9CA8-04559FEE7B87}.Release|Any CPU.Build.0 = Release|Any CPU
		{0DF5016D-72DE-4455-A0F3-B1F7DC1B271B}.Debug|Any CPU.ActiveCfg = Debug|Any CPU
		{0DF5016D-72DE-4455-A0F3-B1F7DC1B271B}.Debug|Any CPU.Build.0 = Debug|Any CPU
		{0DF5016D-72DE-4455-A0F3-B1F7DC1B271B}.Release|Any CPU.ActiveCfg = Release|Any CPU
		{0DF5016D-72DE-4455-A0F3-B1F7DC1B271B}.Release|Any CPU.Build.0 = Release|Any CPU
		{2E22FF29-34F6-40BE-BFCE-2A450A24DC90}.Debug|Any CPU.ActiveCfg = Debug|Any CPU
		{2E22FF29-34F6-40BE-BFCE-2A450A24DC90}.Debug|Any CPU.Build.0 = Debug|Any CPU
		{2E22FF29-34F6-40BE-BFCE-2A450A24DC90}.Release|Any CPU.ActiveCfg = Release|Any CPU
		{2E22FF29-34F6-40BE-BFCE-2A450A24DC90}.Release|Any CPU.Build.0 = Release|Any CPU
		{F944BF49-E896-4F5D-BB53-5F092B30F3E1}.Debug|Any CPU.ActiveCfg = Debug|Any CPU
		{F944BF49-E896-4F5D-BB53-5F092B30F3E1}.Debug|Any CPU.Build.0 = Debug|Any CPU
		{F944BF49-E896-4F5D-BB53-5F092B30F3E1}.Release|Any CPU.ActiveCfg = Release|Any CPU
		{F944BF49-E896-4F5D-BB53-5F092B30F3E1}.Release|Any CPU.Build.0 = Release|Any CPU
		{F5BF000B-910B-4CA0-9F61-E0B867D463C2}.Debug|Any CPU.ActiveCfg = Debug|Any CPU
		{F5BF000B-910B-4CA0-9F61-E0B867D463C2}.Debug|Any CPU.Build.0 = Debug|Any CPU
		{F5BF000B-910B-4CA0-9F61-E0B867D463C2}.Release|Any CPU.ActiveCfg = Release|Any CPU
		{F5BF000B-910B-4CA0-9F61-E0B867D463C2}.Release|Any CPU.Build.0 = Release|Any CPU
		{61CAE907-13FE-4C1A-8A6E-CEDF68EB8FC0}.Debug|Any CPU.ActiveCfg = Debug|Any CPU
		{61CAE907-13FE-4C1A-8A6E-CEDF68EB8FC0}.Debug|Any CPU.Build.0 = Debug|Any CPU
		{61CAE907-13FE-4C1A-8A6E-CEDF68EB8FC0}.Release|Any CPU.ActiveCfg = Release|Any CPU
		{61CAE907-13FE-4C1A-8A6E-CEDF68EB8FC0}.Release|Any CPU.Build.0 = Release|Any CPU
		{84BD5A4F-C364-4F0A-A2D0-28376FD1CEC4}.Debug|Any CPU.ActiveCfg = Debug|Any CPU
		{84BD5A4F-C364-4F0A-A2D0-28376FD1CEC4}.Debug|Any CPU.Build.0 = Debug|Any CPU
		{84BD5A4F-C364-4F0A-A2D0-28376FD1CEC4}.Release|Any CPU.ActiveCfg = Release|Any CPU
		{84BD5A4F-C364-4F0A-A2D0-28376FD1CEC4}.Release|Any CPU.Build.0 = Release|Any CPU
		{2BEE05E6-C09B-40E7-864D-74DE85AAA880}.Debug|Any CPU.ActiveCfg = Debug|Any CPU
		{2BEE05E6-C09B-40E7-864D-74DE85AAA880}.Debug|Any CPU.Build.0 = Debug|Any CPU
		{2BEE05E6-C09B-40E7-864D-74DE85AAA880}.Release|Any CPU.ActiveCfg = Release|Any CPU
		{2BEE05E6-C09B-40E7-864D-74DE85AAA880}.Release|Any CPU.Build.0 = Release|Any CPU
		{1BF427DA-0965-4F8E-BFEB-439DCD3228B0}.Debug|Any CPU.ActiveCfg = Debug|Any CPU
		{1BF427DA-0965-4F8E-BFEB-439DCD3228B0}.Debug|Any CPU.Build.0 = Debug|Any CPU
		{1BF427DA-0965-4F8E-BFEB-439DCD3228B0}.Release|Any CPU.ActiveCfg = Release|Any CPU
		{1BF427DA-0965-4F8E-BFEB-439DCD3228B0}.Release|Any CPU.Build.0 = Release|Any CPU
		{B64136C7-15EB-4BA4-8849-970EA797F46D}.Debug|Any CPU.ActiveCfg = Debug|Any CPU
		{B64136C7-15EB-4BA4-8849-970EA797F46D}.Debug|Any CPU.Build.0 = Debug|Any CPU
		{B64136C7-15EB-4BA4-8849-970EA797F46D}.Release|Any CPU.ActiveCfg = Release|Any CPU
		{B64136C7-15EB-4BA4-8849-970EA797F46D}.Release|Any CPU.Build.0 = Release|Any CPU
		{0A75E786-6684-4331-A125-ABEF52FAC93F}.Debug|Any CPU.ActiveCfg = Debug|Any CPU
		{0A75E786-6684-4331-A125-ABEF52FAC93F}.Debug|Any CPU.Build.0 = Debug|Any CPU
		{0A75E786-6684-4331-A125-ABEF52FAC93F}.Release|Any CPU.ActiveCfg = Release|Any CPU
		{0A75E786-6684-4331-A125-ABEF52FAC93F}.Release|Any CPU.Build.0 = Release|Any CPU
		{8470B2D7-47AF-481F-88A8-48CBE5D17FA9}.Debug|Any CPU.ActiveCfg = Debug|Any CPU
		{8470B2D7-47AF-481F-88A8-48CBE5D17FA9}.Debug|Any CPU.Build.0 = Debug|Any CPU
		{8470B2D7-47AF-481F-88A8-48CBE5D17FA9}.Release|Any CPU.ActiveCfg = Release|Any CPU
		{8470B2D7-47AF-481F-88A8-48CBE5D17FA9}.Release|Any CPU.Build.0 = Release|Any CPU
		{423A03C0-6304-4032-B83E-6DF2622D0094}.Debug|Any CPU.ActiveCfg = Debug|Any CPU
		{423A03C0-6304-4032-B83E-6DF2622D0094}.Debug|Any CPU.Build.0 = Debug|Any CPU
		{423A03C0-6304-4032-B83E-6DF2622D0094}.Release|Any CPU.ActiveCfg = Release|Any CPU
		{423A03C0-6304-4032-B83E-6DF2622D0094}.Release|Any CPU.Build.0 = Release|Any CPU
		{765C58AE-F194-4474-99DF-01867BFED55B}.Debug|Any CPU.ActiveCfg = Debug|Any CPU
		{765C58AE-F194-4474-99DF-01867BFED55B}.Debug|Any CPU.Build.0 = Debug|Any CPU
		{765C58AE-F194-4474-99DF-01867BFED55B}.Release|Any CPU.ActiveCfg = Release|Any CPU
		{765C58AE-F194-4474-99DF-01867BFED55B}.Release|Any CPU.Build.0 = Release|Any CPU
		{06F733C8-DD56-4EEB-ADD5-3787A006A26C}.Debug|Any CPU.ActiveCfg = Debug|Any CPU
		{06F733C8-DD56-4EEB-ADD5-3787A006A26C}.Debug|Any CPU.Build.0 = Debug|Any CPU
		{06F733C8-DD56-4EEB-ADD5-3787A006A26C}.Release|Any CPU.ActiveCfg = Release|Any CPU
		{06F733C8-DD56-4EEB-ADD5-3787A006A26C}.Release|Any CPU.Build.0 = Release|Any CPU
		{680283C4-264A-4F8E-849C-26FC21F5483C}.Debug|Any CPU.ActiveCfg = Debug|Any CPU
		{680283C4-264A-4F8E-849C-26FC21F5483C}.Debug|Any CPU.Build.0 = Debug|Any CPU
		{680283C4-264A-4F8E-849C-26FC21F5483C}.Release|Any CPU.ActiveCfg = Release|Any CPU
		{680283C4-264A-4F8E-849C-26FC21F5483C}.Release|Any CPU.Build.0 = Release|Any CPU
		{B954EB8B-D58B-4B4A-B97A-0CE18DDCD3A5}.Debug|Any CPU.ActiveCfg = Debug|Any CPU
		{B954EB8B-D58B-4B4A-B97A-0CE18DDCD3A5}.Debug|Any CPU.Build.0 = Debug|Any CPU
		{B954EB8B-D58B-4B4A-B97A-0CE18DDCD3A5}.Release|Any CPU.ActiveCfg = Release|Any CPU
		{B954EB8B-D58B-4B4A-B97A-0CE18DDCD3A5}.Release|Any CPU.Build.0 = Release|Any CPU
		{793FE263-4833-42E1-B6B8-6078EDA6824E}.Debug|Any CPU.ActiveCfg = Debug|Any CPU
		{793FE263-4833-42E1-B6B8-6078EDA6824E}.Debug|Any CPU.Build.0 = Debug|Any CPU
		{793FE263-4833-42E1-B6B8-6078EDA6824E}.Release|Any CPU.ActiveCfg = Release|Any CPU
		{793FE263-4833-42E1-B6B8-6078EDA6824E}.Release|Any CPU.Build.0 = Release|Any CPU
		{654555FB-CF51-4836-B545-DE021A583084}.Debug|Any CPU.ActiveCfg = Debug|Any CPU
		{654555FB-CF51-4836-B545-DE021A583084}.Debug|Any CPU.Build.0 = Debug|Any CPU
		{654555FB-CF51-4836-B545-DE021A583084}.Release|Any CPU.ActiveCfg = Release|Any CPU
		{654555FB-CF51-4836-B545-DE021A583084}.Release|Any CPU.Build.0 = Release|Any CPU
	EndGlobalSection
	GlobalSection(SolutionProperties) = preSolution
		HideSolutionNode = FALSE
	EndGlobalSection
	GlobalSection(NestedProjects) = preSolution
		{2ECECFBF-5F3E-40EE-A963-72336DC7ABE2} = {C6032145-565E-4071-92D5-39A561B63D32}
		{210529FA-454E-4C32-A2C8-353ECBD4DA05} = {C6032145-565E-4071-92D5-39A561B63D32}
		{7952A9D7-CC1F-4F12-9007-9F005BF15D38} = {41882AD4-4E0D-4CD7-B108-49B2D65FBC24}
		{181FE707-E161-4722-9F38-6AAAB6FAA106} = {7952A9D7-CC1F-4F12-9007-9F005BF15D38}
		{91F6140F-2C89-4362-9F8C-15B4353DFD67} = {60C875EF-1E78-43C2-AF43-76F6BF4D6236}
		{1232E5AC-A775-483C-AD39-744C9E98D78E} = {91F6140F-2C89-4362-9F8C-15B4353DFD67}
		{AB6571F6-86A1-4A01-B220-DF36A83AC5A7} = {60C875EF-1E78-43C2-AF43-76F6BF4D6236}
		{5148988B-BE8A-4AC5-9F7E-93DDB73ED186} = {C6032145-565E-4071-92D5-39A561B63D32}
		{6B8131E1-EC47-4DEE-8FCF-436F21C684D1} = {1010DA48-B24F-4F2A-A907-DB12778EF559}
		{65129DA9-AC8E-4DB2-A895-15FBC0DA2B54} = {1010DA48-B24F-4F2A-A907-DB12778EF559}
		{0EA33E69-D046-42AF-9BF3-4B0F49EEA1D6} = {1010DA48-B24F-4F2A-A907-DB12778EF559}
		{25E1AB57-401D-43EF-8E89-36CD59EBB9BB} = {1010DA48-B24F-4F2A-A907-DB12778EF559}
		{ED7AFBB3-E67D-461C-97D1-649CE4D75704} = {1010DA48-B24F-4F2A-A907-DB12778EF559}
		{19CC5845-76C3-4841-9CA8-04559FEE7B87} = {EB3A4ECF-50AB-4594-82C8-AD383FF926BA}
		{2B379F60-BEA9-4113-BE20-5CA40E78B53F} = {67C7AB6A-E39E-4AEF-A553-5A4116898798}
		{2E22FF29-34F6-40BE-BFCE-2A450A24DC90} = {67C7AB6A-E39E-4AEF-A553-5A4116898798}
		{F944BF49-E896-4F5D-BB53-5F092B30F3E1} = {2B379F60-BEA9-4113-BE20-5CA40E78B53F}
		{F5BF000B-910B-4CA0-9F61-E0B867D463C2} = {2B379F60-BEA9-4113-BE20-5CA40E78B53F}
		{61CAE907-13FE-4C1A-8A6E-CEDF68EB8FC0} = {2B379F60-BEA9-4113-BE20-5CA40E78B53F}
		{84BD5A4F-C364-4F0A-A2D0-28376FD1CEC4} = {2B379F60-BEA9-4113-BE20-5CA40E78B53F}
		{2BEE05E6-C09B-40E7-864D-74DE85AAA880} = {2B379F60-BEA9-4113-BE20-5CA40E78B53F}
		{1BF427DA-0965-4F8E-BFEB-439DCD3228B0} = {67C7AB6A-E39E-4AEF-A553-5A4116898798}
		{47B57043-A91E-413E-B1FA-C5ED832143A6} = {67C7AB6A-E39E-4AEF-A553-5A4116898798}
		{B64136C7-15EB-4BA4-8849-970EA797F46D} = {47B57043-A91E-413E-B1FA-C5ED832143A6}
		{0A75E786-6684-4331-A125-ABEF52FAC93F} = {47B57043-A91E-413E-B1FA-C5ED832143A6}
		{8470B2D7-47AF-481F-88A8-48CBE5D17FA9} = {47B57043-A91E-413E-B1FA-C5ED832143A6}
		{423A03C0-6304-4032-B83E-6DF2622D0094} = {47B57043-A91E-413E-B1FA-C5ED832143A6}
		{765C58AE-F194-4474-99DF-01867BFED55B} = {47B57043-A91E-413E-B1FA-C5ED832143A6}
		{921AB28B-43D5-46F0-9192-9A2A13623F90} = {67C7AB6A-E39E-4AEF-A553-5A4116898798}
		{06F733C8-DD56-4EEB-ADD5-3787A006A26C} = {921AB28B-43D5-46F0-9192-9A2A13623F90}
		{680283C4-264A-4F8E-849C-26FC21F5483C} = {2B379F60-BEA9-4113-BE20-5CA40E78B53F}
		{B954EB8B-D58B-4B4A-B97A-0CE18DDCD3A5} = {2B379F60-BEA9-4113-BE20-5CA40E78B53F}
		{793FE263-4833-42E1-B6B8-6078EDA6824E} = {2B379F60-BEA9-4113-BE20-5CA40E78B53F}
		{654555FB-CF51-4836-B545-DE021A583084} = {2B379F60-BEA9-4113-BE20-5CA40E78B53F}
	EndGlobalSection
EndGlobal
