
Microsoft Visual Studio Solution File, Format Version 12.00
# Visual Studio 15
VisualStudioVersion = 15.0.26430.16
MinimumVisualStudioVersion = 10.0.40219.1
Project("{FAE04EC0-301F-11D3-BF4B-00C04F79EFBC}") = "SmartEngineer.Service", "SmartEngineer.Service\SmartEngineer.Service.csproj", "{39D6C65B-C2EC-4242-967A-9C95FA44D428}"
EndProject
Project("{FAE04EC0-301F-11D3-BF4B-00C04F79EFBC}") = "SmartEngineer.App", "SmartEngineer.App\SmartEngineer.App.csproj", "{A512954C-3CAC-4D2C-9DA1-22DDC0FF7E3F}"
EndProject
Project("{2150E333-8FDC-42A3-9474-1A3956D46DE8}") = "JIRA", "JIRA", "{C6032145-565E-4071-92D5-39A561B63D32}"
EndProject
Project("{2150E333-8FDC-42A3-9474-1A3956D46DE8}") = "SFDC", "SFDC", "{1010DA48-B24F-4F2A-A907-DB12778EF559}"
EndProject
Project("{2150E333-8FDC-42A3-9474-1A3956D46DE8}") = "TestRail", "TestRail", "{76167997-C015-4208-850A-901CF840E0C5}"
EndProject
Project("{2150E333-8FDC-42A3-9474-1A3956D46DE8}") = "Github", "Github", "{8108F7EE-5EE5-40BC-B7DC-1261D5857121}"
EndProject
Project("{2150E333-8FDC-42A3-9474-1A3956D46DE8}") = "Task", "Task", "{EB3A4ECF-50AB-4594-82C8-AD383FF926BA}"
EndProject
Project("{2150E333-8FDC-42A3-9474-1A3956D46DE8}") = "SQLite", "SQLite", "{70DFB74B-117E-4D2B-8A81-5A799A198304}"
EndProject
Project("{2150E333-8FDC-42A3-9474-1A3956D46DE8}") = "Doc", "Doc", "{D7EB3B72-F862-408B-883D-8B88B4BECCF2}"
	ProjectSection(SolutionItems) = preProject
		Source Ref.txt = Source Ref.txt
	EndProjectSection
EndProject
Project("{FAE04EC0-301F-11D3-BF4B-00C04F79EFBC}") = "RestSharp", "JIRA\RestSharp\RestSharp.csproj", "{2ECECFBF-5F3E-40EE-A963-72336DC7ABE2}"
EndProject
Project("{FAE04EC0-301F-11D3-BF4B-00C04F79EFBC}") = "TechTalk.JiraRestClient", "JIRA\TechTalk.JiraRestClient\TechTalk.JiraRestClient.csproj", "{210529FA-454E-4C32-A2C8-353ECBD4DA05}"
EndProject
Project("{FAE04EC0-301F-11D3-BF4B-00C04F79EFBC}") = "SmartEngineer.ServiceHost", "SmartEngineer.ServiceHost\SmartEngineer.ServiceHost.csproj", "{A9CA159C-7B0E-465A-AF9B-A9E4A62F0405}"
EndProject
Project("{FAE04EC0-301F-11D3-BF4B-00C04F79EFBC}") = "SmartEngineer.ServiceClient", "SmartEngineer.ServiceClient\SmartEngineer.ServiceClient.csproj", "{3633FCD9-AAE5-4815-AB13-EBD4925A8864}"
EndProject
Project("{FAE04EC0-301F-11D3-BF4B-00C04F79EFBC}") = "SmartEngineer.WCFService.Extention", "SmartEngineer.WCF.Extention\SmartEngineer.WCFService.Extention.csproj", "{DAFC827A-C922-4CFD-B74D-CBD05EB94173}"
EndProject
Global
	GlobalSection(SolutionConfigurationPlatforms) = preSolution
		Debug|Any CPU = Debug|Any CPU
		Release|Any CPU = Release|Any CPU
	EndGlobalSection
	GlobalSection(ProjectConfigurationPlatforms) = postSolution
		{39D6C65B-C2EC-4242-967A-9C95FA44D428}.Debug|Any CPU.ActiveCfg = Debug|Any CPU
		{39D6C65B-C2EC-4242-967A-9C95FA44D428}.Debug|Any CPU.Build.0 = Debug|Any CPU
		{39D6C65B-C2EC-4242-967A-9C95FA44D428}.Release|Any CPU.ActiveCfg = Release|Any CPU
		{39D6C65B-C2EC-4242-967A-9C95FA44D428}.Release|Any CPU.Build.0 = Release|Any CPU
		{A512954C-3CAC-4D2C-9DA1-22DDC0FF7E3F}.Debug|Any CPU.ActiveCfg = Debug|Any CPU
		{A512954C-3CAC-4D2C-9DA1-22DDC0FF7E3F}.Debug|Any CPU.Build.0 = Debug|Any CPU
		{A512954C-3CAC-4D2C-9DA1-22DDC0FF7E3F}.Release|Any CPU.ActiveCfg = Release|Any CPU
		{A512954C-3CAC-4D2C-9DA1-22DDC0FF7E3F}.Release|Any CPU.Build.0 = Release|Any CPU
		{2ECECFBF-5F3E-40EE-A963-72336DC7ABE2}.Debug|Any CPU.ActiveCfg = Debug|Any CPU
		{2ECECFBF-5F3E-40EE-A963-72336DC7ABE2}.Debug|Any CPU.Build.0 = Debug|Any CPU
		{2ECECFBF-5F3E-40EE-A963-72336DC7ABE2}.Release|Any CPU.ActiveCfg = Release|Any CPU
		{2ECECFBF-5F3E-40EE-A963-72336DC7ABE2}.Release|Any CPU.Build.0 = Release|Any CPU
		{210529FA-454E-4C32-A2C8-353ECBD4DA05}.Debug|Any CPU.ActiveCfg = Debug|Any CPU
		{210529FA-454E-4C32-A2C8-353ECBD4DA05}.Debug|Any CPU.Build.0 = Debug|Any CPU
		{210529FA-454E-4C32-A2C8-353ECBD4DA05}.Release|Any CPU.ActiveCfg = Release|Any CPU
		{210529FA-454E-4C32-A2C8-353ECBD4DA05}.Release|Any CPU.Build.0 = Release|Any CPU
		{A9CA159C-7B0E-465A-AF9B-A9E4A62F0405}.Debug|Any CPU.ActiveCfg = Debug|Any CPU
		{A9CA159C-7B0E-465A-AF9B-A9E4A62F0405}.Debug|Any CPU.Build.0 = Debug|Any CPU
		{A9CA159C-7B0E-465A-AF9B-A9E4A62F0405}.Release|Any CPU.ActiveCfg = Release|Any CPU
		{A9CA159C-7B0E-465A-AF9B-A9E4A62F0405}.Release|Any CPU.Build.0 = Release|Any CPU
		{3633FCD9-AAE5-4815-AB13-EBD4925A8864}.Debug|Any CPU.ActiveCfg = Debug|Any CPU
		{3633FCD9-AAE5-4815-AB13-EBD4925A8864}.Debug|Any CPU.Build.0 = Debug|Any CPU
		{3633FCD9-AAE5-4815-AB13-EBD4925A8864}.Release|Any CPU.ActiveCfg = Release|Any CPU
		{3633FCD9-AAE5-4815-AB13-EBD4925A8864}.Release|Any CPU.Build.0 = Release|Any CPU
		{DAFC827A-C922-4CFD-B74D-CBD05EB94173}.Debug|Any CPU.ActiveCfg = Debug|Any CPU
		{DAFC827A-C922-4CFD-B74D-CBD05EB94173}.Debug|Any CPU.Build.0 = Debug|Any CPU
		{DAFC827A-C922-4CFD-B74D-CBD05EB94173}.Release|Any CPU.ActiveCfg = Release|Any CPU
		{DAFC827A-C922-4CFD-B74D-CBD05EB94173}.Release|Any CPU.Build.0 = Release|Any CPU
	EndGlobalSection
	GlobalSection(SolutionProperties) = preSolution
		HideSolutionNode = FALSE
	EndGlobalSection
	GlobalSection(NestedProjects) = preSolution
		{2ECECFBF-5F3E-40EE-A963-72336DC7ABE2} = {C6032145-565E-4071-92D5-39A561B63D32}
		{210529FA-454E-4C32-A2C8-353ECBD4DA05} = {C6032145-565E-4071-92D5-39A561B63D32}
	EndGlobalSection
EndGlobal
