
Microsoft Visual Studio Solution File, Format Version 12.00
# Visual Studio 15
VisualStudioVersion = 15.0.27004.2005
MinimumVisualStudioVersion = 10.0.40219.1
Project("{2150E333-8FDC-42A3-9474-1A3956D46DE8}") = "Autofac", "Autofac", "{5CBC8CED-5106-4D17-9415-B5797B17F183}"
EndProject
Project("{FAE04EC0-301F-11D3-BF4B-00C04F79EFBC}") = "Autofac", "Autofac\Autofac.csproj", "{06F733C8-DD56-4EEB-ADD5-3787A006A26C}"
EndProject
Project("{2150E333-8FDC-42A3-9474-1A3956D46DE8}") = "ECommon", "ECommon", "{8EF9AAA8-8D30-45D3-8FC0-E471C2FF43DB}"
EndProject
Project("{FAE04EC0-301F-11D3-BF4B-00C04F79EFBC}") = "ECommon", "ECommon\ECommon\ECommon.csproj", "{F944BF49-E896-4F5D-BB53-5F092B30F3E1}"
EndProject
Project("{FAE04EC0-301F-11D3-BF4B-00C04F79EFBC}") = "ECommon.Autofac", "ECommon\ECommon.Autofac\ECommon.Autofac.csproj", "{F5BF000B-910B-4CA0-9F61-E0B867D463C2}"
EndProject
Project("{FAE04EC0-301F-11D3-BF4B-00C04F79EFBC}") = "ECommon.Dapper", "ECommon\ECommon.Dapper\ECommon.Dapper.csproj", "{61CAE907-13FE-4C1A-8A6E-CEDF68EB8FC0}"
EndProject
Project("{FAE04EC0-301F-11D3-BF4B-00C04F79EFBC}") = "ECommon.JsonNet", "ECommon\ECommon.JsonNet\ECommon.JsonNet.csproj", "{84BD5A4F-C364-4F0A-A2D0-28376FD1CEC4}"
EndProject
Project("{FAE04EC0-301F-11D3-BF4B-00C04F79EFBC}") = "ECommon.Log4Net", "ECommon\ECommon.Log4Net\ECommon.Log4Net.csproj", "{2BEE05E6-C09B-40E7-864D-74DE85AAA880}"
EndProject
Project("{FAE04EC0-301F-11D3-BF4B-00C04F79EFBC}") = "PushMessageTestClient", "ECommon\PushMessageTestClient\PushMessageTestClient.csproj", "{680283C4-264A-4F8E-849C-26FC21F5483C}"
EndProject
Project("{FAE04EC0-301F-11D3-BF4B-00C04F79EFBC}") = "PushMessageTestServer", "ECommon\PushMessageTestServer\PushMessageTestServer.csproj", "{B954EB8B-D58B-4B4A-B97A-0CE18DDCD3A5}"
EndProject
Project("{FAE04EC0-301F-11D3-BF4B-00C04F79EFBC}") = "RemotingPerformanceTest.Client", "ECommon\RemotingPerformanceTest.Client\RemotingPerformanceTest.Client.csproj", "{793FE263-4833-42E1-B6B8-6078EDA6824E}"
EndProject
Project("{FAE04EC0-301F-11D3-BF4B-00C04F79EFBC}") = "RemotingPerformanceTest.Server", "ECommon\RemotingPerformanceTest.Server\RemotingPerformanceTest.Server.csproj", "{654555FB-CF51-4836-B545-DE021A583084}"
EndProject
Project("{FAE04EC0-301F-11D3-BF4B-00C04F79EFBC}") = "EQueue", "EQueue\EQueue.csproj", "{2E22FF29-34F6-40BE-BFCE-2A450A24DC90}"
EndProject
Project("{FAE04EC0-301F-11D3-BF4B-00C04F79EFBC}") = "EQueue.AdminWeb", "EQueue.AdminWeb\EQueue.AdminWeb.csproj", "{1BF427DA-0965-4F8E-BFEB-439DCD3228B0}"
EndProject
Project("{2150E333-8FDC-42A3-9474-1A3956D46DE8}") = "QuickStart", "QuickStart", "{2BDADC97-C090-4C42-97DD-F11C43A5092E}"
EndProject
Project("{FAE04EC0-301F-11D3-BF4B-00C04F79EFBC}") = "QuickStart.BrokerServer1", "QuickStart\QuickStart.BrokerServer1\QuickStart.BrokerServer1.csproj", "{B64136C7-15EB-4BA4-8849-970EA797F46D}"
EndProject
Project("{FAE04EC0-301F-11D3-BF4B-00C04F79EFBC}") = "QuickStart.BrokerServer2", "QuickStart\QuickStart.BrokerServer2\QuickStart.BrokerServer2.csproj", "{0A75E786-6684-4331-A125-ABEF52FAC93F}"
EndProject
Project("{FAE04EC0-301F-11D3-BF4B-00C04F79EFBC}") = "QuickStart.ConsumerClient", "QuickStart\QuickStart.ConsumerClient\QuickStart.ConsumerClient.csproj", "{8470B2D7-47AF-481F-88A8-48CBE5D17FA9}"
EndProject
Project("{FAE04EC0-301F-11D3-BF4B-00C04F79EFBC}") = "QuickStart.NameServer", "QuickStart\QuickStart.NameServer\QuickStart.NameServer.csproj", "{423A03C0-6304-4032-B83E-6DF2622D0094}"
EndProject
Project("{FAE04EC0-301F-11D3-BF4B-00C04F79EFBC}") = "QuickStart.ProducerClient", "QuickStart\QuickStart.ProducerClient\QuickStart.ProducerClient.csproj", "{765C58AE-F194-4474-99DF-01867BFED55B}"
EndProject
Global
	GlobalSection(SolutionConfigurationPlatforms) = preSolution
		Debug|Any CPU = Debug|Any CPU
		Release|Any CPU = Release|Any CPU
	EndGlobalSection
	GlobalSection(ProjectConfigurationPlatforms) = postSolution
		{06F733C8-DD56-4EEB-ADD5-3787A006A26C}.Debug|Any CPU.ActiveCfg = Debug|Any CPU
		{06F733C8-DD56-4EEB-ADD5-3787A006A26C}.Debug|Any CPU.Build.0 = Debug|Any CPU
		{06F733C8-DD56-4EEB-ADD5-3787A006A26C}.Release|Any CPU.ActiveCfg = Release|Any CPU
		{06F733C8-DD56-4EEB-ADD5-3787A006A26C}.Release|Any CPU.Build.0 = Release|Any CPU
		{F944BF49-E896-4F5D-BB53-5F092B30F3E1}.Debug|Any CPU.ActiveCfg = Debug|Any CPU
		{F944BF49-E896-4F5D-BB53-5F092B30F3E1}.Debug|Any CPU.Build.0 = Debug|Any CPU
		{F944BF49-E896-4F5D-BB53-5F092B30F3E1}.Release|Any CPU.ActiveCfg = Release|Any CPU
		{F944BF49-E896-4F5D-BB53-5F092B30F3E1}.Release|Any CPU.Build.0 = Release|Any CPU
		{F5BF000B-910B-4CA0-9F61-E0B867D463C2}.Debug|Any CPU.ActiveCfg = Debug|Any CPU
		{F5BF000B-910B-4CA0-9F61-E0B867D463C2}.Debug|Any CPU.Build.0 = Debug|Any CPU
		{F5BF000B-910B-4CA0-9F61-E0B867D463C2}.Release|Any CPU.ActiveCfg = Release|Any CPU
		{F5BF000B-910B-4CA0-9F61-E0B867D463C2}.Release|Any CPU.Build.0 = Release|Any CPU
		{61CAE907-13FE-4C1A-8A6E-CEDF68EB8FC0}.Debug|Any CPU.ActiveCfg = Debug|Any CPU
		{61CAE907-13FE-4C1A-8A6E-CEDF68EB8FC0}.Debug|Any CPU.Build.0 = Debug|Any CPU
		{61CAE907-13FE-4C1A-8A6E-CEDF68EB8FC0}.Release|Any CPU.ActiveCfg = Release|Any CPU
		{61CAE907-13FE-4C1A-8A6E-CEDF68EB8FC0}.Release|Any CPU.Build.0 = Release|Any CPU
		{84BD5A4F-C364-4F0A-A2D0-28376FD1CEC4}.Debug|Any CPU.ActiveCfg = Debug|Any CPU
		{84BD5A4F-C364-4F0A-A2D0-28376FD1CEC4}.Debug|Any CPU.Build.0 = Debug|Any CPU
		{84BD5A4F-C364-4F0A-A2D0-28376FD1CEC4}.Release|Any CPU.ActiveCfg = Release|Any CPU
		{84BD5A4F-C364-4F0A-A2D0-28376FD1CEC4}.Release|Any CPU.Build.0 = Release|Any CPU
		{2BEE05E6-C09B-40E7-864D-74DE85AAA880}.Debug|Any CPU.ActiveCfg = Debug|Any CPU
		{2BEE05E6-C09B-40E7-864D-74DE85AAA880}.Debug|Any CPU.Build.0 = Debug|Any CPU
		{2BEE05E6-C09B-40E7-864D-74DE85AAA880}.Release|Any CPU.ActiveCfg = Release|Any CPU
		{2BEE05E6-C09B-40E7-864D-74DE85AAA880}.Release|Any CPU.Build.0 = Release|Any CPU
		{680283C4-264A-4F8E-849C-26FC21F5483C}.Debug|Any CPU.ActiveCfg = Debug|Any CPU
		{680283C4-264A-4F8E-849C-26FC21F5483C}.Debug|Any CPU.Build.0 = Debug|Any CPU
		{680283C4-264A-4F8E-849C-26FC21F5483C}.Release|Any CPU.ActiveCfg = Release|Any CPU
		{680283C4-264A-4F8E-849C-26FC21F5483C}.Release|Any CPU.Build.0 = Release|Any CPU
		{B954EB8B-D58B-4B4A-B97A-0CE18DDCD3A5}.Debug|Any CPU.ActiveCfg = Debug|Any CPU
		{B954EB8B-D58B-4B4A-B97A-0CE18DDCD3A5}.Debug|Any CPU.Build.0 = Debug|Any CPU
		{B954EB8B-D58B-4B4A-B97A-0CE18DDCD3A5}.Release|Any CPU.ActiveCfg = Release|Any CPU
		{B954EB8B-D58B-4B4A-B97A-0CE18DDCD3A5}.Release|Any CPU.Build.0 = Release|Any CPU
		{793FE263-4833-42E1-B6B8-6078EDA6824E}.Debug|Any CPU.ActiveCfg = Debug|Any CPU
		{793FE263-4833-42E1-B6B8-6078EDA6824E}.Debug|Any CPU.Build.0 = Debug|Any CPU
		{793FE263-4833-42E1-B6B8-6078EDA6824E}.Release|Any CPU.ActiveCfg = Release|Any CPU
		{793FE263-4833-42E1-B6B8-6078EDA6824E}.Release|Any CPU.Build.0 = Release|Any CPU
		{654555FB-CF51-4836-B545-DE021A583084}.Debug|Any CPU.ActiveCfg = Debug|Any CPU
		{654555FB-CF51-4836-B545-DE021A583084}.Debug|Any CPU.Build.0 = Debug|Any CPU
		{654555FB-CF51-4836-B545-DE021A583084}.Release|Any CPU.ActiveCfg = Release|Any CPU
		{654555FB-CF51-4836-B545-DE021A583084}.Release|Any CPU.Build.0 = Release|Any CPU
		{2E22FF29-34F6-40BE-BFCE-2A450A24DC90}.Debug|Any CPU.ActiveCfg = Debug|Any CPU
		{2E22FF29-34F6-40BE-BFCE-2A450A24DC90}.Debug|Any CPU.Build.0 = Debug|Any CPU
		{2E22FF29-34F6-40BE-BFCE-2A450A24DC90}.Release|Any CPU.ActiveCfg = Release|Any CPU
		{2E22FF29-34F6-40BE-BFCE-2A450A24DC90}.Release|Any CPU.Build.0 = Release|Any CPU
		{1BF427DA-0965-4F8E-BFEB-439DCD3228B0}.Debug|Any CPU.ActiveCfg = Debug|Any CPU
		{1BF427DA-0965-4F8E-BFEB-439DCD3228B0}.Debug|Any CPU.Build.0 = Debug|Any CPU
		{1BF427DA-0965-4F8E-BFEB-439DCD3228B0}.Release|Any CPU.ActiveCfg = Release|Any CPU
		{1BF427DA-0965-4F8E-BFEB-439DCD3228B0}.Release|Any CPU.Build.0 = Release|Any CPU
		{B64136C7-15EB-4BA4-8849-970EA797F46D}.Debug|Any CPU.ActiveCfg = Debug|Any CPU
		{B64136C7-15EB-4BA4-8849-970EA797F46D}.Debug|Any CPU.Build.0 = Debug|Any CPU
		{B64136C7-15EB-4BA4-8849-970EA797F46D}.Release|Any CPU.ActiveCfg = Release|Any CPU
		{B64136C7-15EB-4BA4-8849-970EA797F46D}.Release|Any CPU.Build.0 = Release|Any CPU
		{0A75E786-6684-4331-A125-ABEF52FAC93F}.Debug|Any CPU.ActiveCfg = Debug|Any CPU
		{0A75E786-6684-4331-A125-ABEF52FAC93F}.Debug|Any CPU.Build.0 = Debug|Any CPU
		{0A75E786-6684-4331-A125-ABEF52FAC93F}.Release|Any CPU.ActiveCfg = Release|Any CPU
		{0A75E786-6684-4331-A125-ABEF52FAC93F}.Release|Any CPU.Build.0 = Release|Any CPU
		{8470B2D7-47AF-481F-88A8-48CBE5D17FA9}.Debug|Any CPU.ActiveCfg = Debug|Any CPU
		{8470B2D7-47AF-481F-88A8-48CBE5D17FA9}.Debug|Any CPU.Build.0 = Debug|Any CPU
		{8470B2D7-47AF-481F-88A8-48CBE5D17FA9}.Release|Any CPU.ActiveCfg = Release|Any CPU
		{8470B2D7-47AF-481F-88A8-48CBE5D17FA9}.Release|Any CPU.Build.0 = Release|Any CPU
		{423A03C0-6304-4032-B83E-6DF2622D0094}.Debug|Any CPU.ActiveCfg = Debug|Any CPU
		{423A03C0-6304-4032-B83E-6DF2622D0094}.Debug|Any CPU.Build.0 = Debug|Any CPU
		{423A03C0-6304-4032-B83E-6DF2622D0094}.Release|Any CPU.ActiveCfg = Release|Any CPU
		{423A03C0-6304-4032-B83E-6DF2622D0094}.Release|Any CPU.Build.0 = Release|Any CPU
		{765C58AE-F194-4474-99DF-01867BFED55B}.Debug|Any CPU.ActiveCfg = Debug|Any CPU
		{765C58AE-F194-4474-99DF-01867BFED55B}.Debug|Any CPU.Build.0 = Debug|Any CPU
		{765C58AE-F194-4474-99DF-01867BFED55B}.Release|Any CPU.ActiveCfg = Release|Any CPU
		{765C58AE-F194-4474-99DF-01867BFED55B}.Release|Any CPU.Build.0 = Release|Any CPU
	EndGlobalSection
	GlobalSection(SolutionProperties) = preSolution
		HideSolutionNode = FALSE
	EndGlobalSection
	GlobalSection(NestedProjects) = preSolution
		{06F733C8-DD56-4EEB-ADD5-3787A006A26C} = {5CBC8CED-5106-4D17-9415-B5797B17F183}
		{F944BF49-E896-4F5D-BB53-5F092B30F3E1} = {8EF9AAA8-8D30-45D3-8FC0-E471C2FF43DB}
		{F5BF000B-910B-4CA0-9F61-E0B867D463C2} = {8EF9AAA8-8D30-45D3-8FC0-E471C2FF43DB}
		{61CAE907-13FE-4C1A-8A6E-CEDF68EB8FC0} = {8EF9AAA8-8D30-45D3-8FC0-E471C2FF43DB}
		{84BD5A4F-C364-4F0A-A2D0-28376FD1CEC4} = {8EF9AAA8-8D30-45D3-8FC0-E471C2FF43DB}
		{2BEE05E6-C09B-40E7-864D-74DE85AAA880} = {8EF9AAA8-8D30-45D3-8FC0-E471C2FF43DB}
		{680283C4-264A-4F8E-849C-26FC21F5483C} = {8EF9AAA8-8D30-45D3-8FC0-E471C2FF43DB}
		{B954EB8B-D58B-4B4A-B97A-0CE18DDCD3A5} = {8EF9AAA8-8D30-45D3-8FC0-E471C2FF43DB}
		{793FE263-4833-42E1-B6B8-6078EDA6824E} = {8EF9AAA8-8D30-45D3-8FC0-E471C2FF43DB}
		{654555FB-CF51-4836-B545-DE021A583084} = {8EF9AAA8-8D30-45D3-8FC0-E471C2FF43DB}
		{B64136C7-15EB-4BA4-8849-970EA797F46D} = {2BDADC97-C090-4C42-97DD-F11C43A5092E}
		{0A75E786-6684-4331-A125-ABEF52FAC93F} = {2BDADC97-C090-4C42-97DD-F11C43A5092E}
		{8470B2D7-47AF-481F-88A8-48CBE5D17FA9} = {2BDADC97-C090-4C42-97DD-F11C43A5092E}
		{423A03C0-6304-4032-B83E-6DF2622D0094} = {2BDADC97-C090-4C42-97DD-F11C43A5092E}
		{765C58AE-F194-4474-99DF-01867BFED55B} = {2BDADC97-C090-4C42-97DD-F11C43A5092E}
	EndGlobalSection
	GlobalSection(ExtensibilityGlobals) = postSolution
		SolutionGuid = {B1D52A58-8C45-493C-97A2-DF71F209AA5F}
	EndGlobalSection
EndGlobal
